
Microsoft Visual Studio Solution File, Format Version 12.00
# Visual Studio Version 18
VisualStudioVersion = 18.0.11205.157
MinimumVisualStudioVersion = 10.0.40219.1
Project("{2150E333-8FDC-42A3-9474-1A3956D46DE8}") = "src", "src", "{9E17E052-0091-4B8C-BA9C-1DCF26F0D0F0}"
EndProject
Project("{9A19103F-16F7-4668-BE54-9A1E7A4F7556}") = "makeITeasy.AppFramework.Core", "src\makeITeasy.AppFramework.Core\makeITeasy.AppFramework.Core.csproj", "{B79A01A4-2436-4E50-A905-3BDE190E2096}"
EndProject
Project("{2150E333-8FDC-42A3-9474-1A3956D46DE8}") = "database", "database", "{8EAA7041-3FC7-4D29-B880-1394201E0AA3}"
EndProject
Project("{00D1A9C2-B5F0-4AF3-8072-F6C62B433612}") = "makeITeasy.CarCatalog.Database", "sample\makeITeasy.CarCatalog.Database\makeITeasy.CarCatalog.Database.sqlproj", "{7E0391C7-E4DC-4F33-A912-11FD18194D3F}"
EndProject
Project("{9A19103F-16F7-4668-BE54-9A1E7A4F7556}") = "makeITeasy.AppFramework.Models", "src\makeITeasy.AppFramework.Models\makeITeasy.AppFramework.Models.csproj", "{9CA3D5C0-5262-41C5-8B2D-F01E1FC11DB3}"
EndProject
Project("{2150E333-8FDC-42A3-9474-1A3956D46DE8}") = "Solution Items", "Solution Items", "{669DA5E2-ACA3-489C-ABDB-2A6F68B25814}"
	ProjectSection(SolutionItems) = preProject
		.gitignore = .gitignore
		azure-pipelines.yml = azure-pipelines.yml
		Directory.Build.props = Directory.Build.props
		README.md = README.md
	EndProjectSection
EndProject
Project("{FAE04EC0-301F-11D3-BF4B-00C04F79EFBC}") = "makeITeasy.AppFramework.Infrastructure.EF10", "src\makeITeasy.AppFramework.Infrastructure.EF10\makeITeasy.AppFramework.Infrastructure.EF10.csproj", "{73AF9DB4-97BD-4576-9375-CB8786B62B32}"
EndProject
Project("{2150E333-8FDC-42A3-9474-1A3956D46DE8}") = "sample-dotnet10", "sample-dotnet10", "{02EA681E-C7D8-13C7-8484-4AC65E1B71E8}"
EndProject
Project("{FAE04EC0-301F-11D3-BF4B-00C04F79EFBC}") = "makeITeasy.CarCatalog.dotnet10.Core", "sample-dotnet10\makeITeasy.CarCatalog.dotnet10.Core\makeITeasy.CarCatalog.dotnet10.Core.csproj", "{46DF1FC6-E4E7-40D2-9AAA-FCA560707CF2}"
EndProject
Project("{FAE04EC0-301F-11D3-BF4B-00C04F79EFBC}") = "makeITeasy.CarCatalog.dotnet10.Infrastructure", "sample-dotnet10\makeITeasy.CarCatalog.dotnet10.Infrastructure\makeITeasy.CarCatalog.dotnet10.Infrastructure.csproj", "{01602FE7-F5DC-4823-B482-DCD9DD8D2681}"
EndProject
Project("{FAE04EC0-301F-11D3-BF4B-00C04F79EFBC}") = "makeITeasy.CarCatalog.dotnet10.Models", "sample-dotnet10\makeITeasy.CarCatalog.dotnet10.Models\makeITeasy.CarCatalog.dotnet10.Models.csproj", "{2491188C-4478-4CCB-88B3-B13F776326AF}"
EndProject
Project("{FAE04EC0-301F-11D3-BF4B-00C04F79EFBC}") = "makeITeasy.CarCatalog.dotnet10.Tests", "sample-dotnet10\makeITeasy.CarCatalog.dotnet10.Tests\makeITeasy.CarCatalog.dotnet10.Tests.csproj", "{D350AE71-F906-4206-A43B-F40D273BF355}"
EndProject
Project("{FAE04EC0-301F-11D3-BF4B-00C04F79EFBC}") = "makeITeasy.CarCatalog.dotnet10.WebApp", "sample-dotnet10\makeITeasy.CarCatalog.dotnet10.WebApp\makeITeasy.CarCatalog.dotnet10.WebApp.csproj", "{301CC4A3-C47D-4A0A-8F45-E322D0327275}"
EndProject
Project("{FAE04EC0-301F-11D3-BF4B-00C04F79EFBC}") = "ContosoUniversity.BlazorApplication", "ContosoUniversity\ContosoUniversity.BlazorApplication\ContosoUniversity.BlazorApplication.csproj", "{3CDA431D-2339-568B-6F36-28A019203B17}"
EndProject
Project("{FAE04EC0-301F-11D3-BF4B-00C04F79EFBC}") = "ContosoUniversity.Core", "ContosoUniversity\ContosoUniversity.Core\ContosoUniversity.Core.csproj", "{1C4E4539-DDC1-9478-0072-2B470B04576F}"
EndProject
Project("{00D1A9C2-B5F0-4AF3-8072-F6C62B433612}") = "ContosoUniversity.Databases", "ContosoUniversity\ContosoUniversity.Databases\ContosoUniversity.Databases.sqlproj", "{87137289-CD06-4AC1-9794-AB48912D95BA}"
EndProject
Project("{FAE04EC0-301F-11D3-BF4B-00C04F79EFBC}") = "ContosoUniversity.Infrastructure", "ContosoUniversity\ContosoUniversity.Infrastructure\ContosoUniversity.Infrastructure.csproj", "{6448036B-AE4E-DCC6-33D2-C8FAD1CB9731}"
EndProject
Project("{FAE04EC0-301F-11D3-BF4B-00C04F79EFBC}") = "ContosoUniversity.Services", "ContosoUniversity\ContosoUniversity.Services\ContosoUniversity.Services.csproj", "{068077F1-E7B2-DFEF-F1D7-3291B494DCBD}"
EndProject
Project("{FAE04EC0-301F-11D3-BF4B-00C04F79EFBC}") = "ContosoUniversity.WebApplication", "ContosoUniversity\ContosoUniversity.WebApplication\ContosoUniversity.WebApplication.csproj", "{8BB6304A-CF8E-CE7B-2E60-0FA981DB8BA8}"
EndProject
Project("{2150E333-8FDC-42A3-9474-1A3956D46DE8}") = "ContosoUniversity", "ContosoUniversity", "{5C62E738-F3AD-41B7-AB88-37AF61F68090}"
EndProject
Global
	GlobalSection(SolutionConfigurationPlatforms) = preSolution
		Debug|Any CPU = Debug|Any CPU
		Release|Any CPU = Release|Any CPU
	EndGlobalSection
	GlobalSection(ProjectConfigurationPlatforms) = postSolution
		{B79A01A4-2436-4E50-A905-3BDE190E2096}.Debug|Any CPU.ActiveCfg = Debug|Any CPU
		{B79A01A4-2436-4E50-A905-3BDE190E2096}.Debug|Any CPU.Build.0 = Debug|Any CPU
		{B79A01A4-2436-4E50-A905-3BDE190E2096}.Release|Any CPU.ActiveCfg = Release|Any CPU
		{B79A01A4-2436-4E50-A905-3BDE190E2096}.Release|Any CPU.Build.0 = Release|Any CPU
		{7E0391C7-E4DC-4F33-A912-11FD18194D3F}.Debug|Any CPU.ActiveCfg = Debug|Any CPU
		{7E0391C7-E4DC-4F33-A912-11FD18194D3F}.Debug|Any CPU.Build.0 = Debug|Any CPU
		{7E0391C7-E4DC-4F33-A912-11FD18194D3F}.Debug|Any CPU.Deploy.0 = Debug|Any CPU
		{7E0391C7-E4DC-4F33-A912-11FD18194D3F}.Release|Any CPU.ActiveCfg = Release|Any CPU
		{7E0391C7-E4DC-4F33-A912-11FD18194D3F}.Release|Any CPU.Build.0 = Release|Any CPU
		{7E0391C7-E4DC-4F33-A912-11FD18194D3F}.Release|Any CPU.Deploy.0 = Release|Any CPU
		{9CA3D5C0-5262-41C5-8B2D-F01E1FC11DB3}.Debug|Any CPU.ActiveCfg = Debug|Any CPU
		{9CA3D5C0-5262-41C5-8B2D-F01E1FC11DB3}.Debug|Any CPU.Build.0 = Debug|Any CPU
		{9CA3D5C0-5262-41C5-8B2D-F01E1FC11DB3}.Release|Any CPU.ActiveCfg = Release|Any CPU
		{9CA3D5C0-5262-41C5-8B2D-F01E1FC11DB3}.Release|Any CPU.Build.0 = Release|Any CPU
		{73AF9DB4-97BD-4576-9375-CB8786B62B32}.Debug|Any CPU.ActiveCfg = Debug|Any CPU
		{73AF9DB4-97BD-4576-9375-CB8786B62B32}.Debug|Any CPU.Build.0 = Debug|Any CPU
		{73AF9DB4-97BD-4576-9375-CB8786B62B32}.Release|Any CPU.ActiveCfg = Release|Any CPU
		{73AF9DB4-97BD-4576-9375-CB8786B62B32}.Release|Any CPU.Build.0 = Release|Any CPU
		{46DF1FC6-E4E7-40D2-9AAA-FCA560707CF2}.Debug|Any CPU.ActiveCfg = Debug|Any CPU
		{46DF1FC6-E4E7-40D2-9AAA-FCA560707CF2}.Debug|Any CPU.Build.0 = Debug|Any CPU
		{46DF1FC6-E4E7-40D2-9AAA-FCA560707CF2}.Release|Any CPU.ActiveCfg = Release|Any CPU
		{46DF1FC6-E4E7-40D2-9AAA-FCA560707CF2}.Release|Any CPU.Build.0 = Release|Any CPU
		{01602FE7-F5DC-4823-B482-DCD9DD8D2681}.Debug|Any CPU.ActiveCfg = Debug|Any CPU
		{01602FE7-F5DC-4823-B482-DCD9DD8D2681}.Debug|Any CPU.Build.0 = Debug|Any CPU
		{01602FE7-F5DC-4823-B482-DCD9DD8D2681}.Release|Any CPU.ActiveCfg = Release|Any CPU
		{01602FE7-F5DC-4823-B482-DCD9DD8D2681}.Release|Any CPU.Build.0 = Release|Any CPU
		{2491188C-4478-4CCB-88B3-B13F776326AF}.Debug|Any CPU.ActiveCfg = Debug|Any CPU
		{2491188C-4478-4CCB-88B3-B13F776326AF}.Debug|Any CPU.Build.0 = Debug|Any CPU
		{2491188C-4478-4CCB-88B3-B13F776326AF}.Release|Any CPU.ActiveCfg = Release|Any CPU
		{2491188C-4478-4CCB-88B3-B13F776326AF}.Release|Any CPU.Build.0 = Release|Any CPU
		{D350AE71-F906-4206-A43B-F40D273BF355}.Debug|Any CPU.ActiveCfg = Debug|Any CPU
		{D350AE71-F906-4206-A43B-F40D273BF355}.Debug|Any CPU.Build.0 = Debug|Any CPU
		{D350AE71-F906-4206-A43B-F40D273BF355}.Release|Any CPU.ActiveCfg = Release|Any CPU
		{D350AE71-F906-4206-A43B-F40D273BF355}.Release|Any CPU.Build.0 = Release|Any CPU
		{301CC4A3-C47D-4A0A-8F45-E322D0327275}.Debug|Any CPU.ActiveCfg = Debug|Any CPU
		{301CC4A3-C47D-4A0A-8F45-E322D0327275}.Debug|Any CPU.Build.0 = Debug|Any CPU
		{301CC4A3-C47D-4A0A-8F45-E322D0327275}.Release|Any CPU.ActiveCfg = Release|Any CPU
		{301CC4A3-C47D-4A0A-8F45-E322D0327275}.Release|Any CPU.Build.0 = Release|Any CPU
		{3CDA431D-2339-568B-6F36-28A019203B17}.Debug|Any CPU.ActiveCfg = Debug|Any CPU
		{3CDA431D-2339-568B-6F36-28A019203B17}.Debug|Any CPU.Build.0 = Debug|Any CPU
		{3CDA431D-2339-568B-6F36-28A019203B17}.Release|Any CPU.ActiveCfg = Release|Any CPU
		{3CDA431D-2339-568B-6F36-28A019203B17}.Release|Any CPU.Build.0 = Release|Any CPU
		{1C4E4539-DDC1-9478-0072-2B470B04576F}.Debug|Any CPU.ActiveCfg = Debug|Any CPU
		{1C4E4539-DDC1-9478-0072-2B470B04576F}.Debug|Any CPU.Build.0 = Debug|Any CPU
		{1C4E4539-DDC1-9478-0072-2B470B04576F}.Release|Any CPU.ActiveCfg = Release|Any CPU
		{1C4E4539-DDC1-9478-0072-2B470B04576F}.Release|Any CPU.Build.0 = Release|Any CPU
		{87137289-CD06-4AC1-9794-AB48912D95BA}.Debug|Any CPU.ActiveCfg = Debug|Any CPU
		{87137289-CD06-4AC1-9794-AB48912D95BA}.Debug|Any CPU.Build.0 = Debug|Any CPU
		{87137289-CD06-4AC1-9794-AB48912D95BA}.Debug|Any CPU.Deploy.0 = Debug|Any CPU
		{87137289-CD06-4AC1-9794-AB48912D95BA}.Release|Any CPU.ActiveCfg = Release|Any CPU
		{87137289-CD06-4AC1-9794-AB48912D95BA}.Release|Any CPU.Build.0 = Release|Any CPU
		{87137289-CD06-4AC1-9794-AB48912D95BA}.Release|Any CPU.Deploy.0 = Release|Any CPU
		{6448036B-AE4E-DCC6-33D2-C8FAD1CB9731}.Debug|Any CPU.ActiveCfg = Debug|Any CPU
		{6448036B-AE4E-DCC6-33D2-C8FAD1CB9731}.Debug|Any CPU.Build.0 = Debug|Any CPU
		{6448036B-AE4E-DCC6-33D2-C8FAD1CB9731}.Release|Any CPU.ActiveCfg = Release|Any CPU
		{6448036B-AE4E-DCC6-33D2-C8FAD1CB9731}.Release|Any CPU.Build.0 = Release|Any CPU
		{068077F1-E7B2-DFEF-F1D7-3291B494DCBD}.Debug|Any CPU.ActiveCfg = Debug|Any CPU
		{068077F1-E7B2-DFEF-F1D7-3291B494DCBD}.Debug|Any CPU.Build.0 = Debug|Any CPU
		{068077F1-E7B2-DFEF-F1D7-3291B494DCBD}.Release|Any CPU.ActiveCfg = Release|Any CPU
		{068077F1-E7B2-DFEF-F1D7-3291B494DCBD}.Release|Any CPU.Build.0 = Release|Any CPU
		{8BB6304A-CF8E-CE7B-2E60-0FA981DB8BA8}.Debug|Any CPU.ActiveCfg = Debug|Any CPU
		{8BB6304A-CF8E-CE7B-2E60-0FA981DB8BA8}.Debug|Any CPU.Build.0 = Debug|Any CPU
		{8BB6304A-CF8E-CE7B-2E60-0FA981DB8BA8}.Release|Any CPU.ActiveCfg = Release|Any CPU
		{8BB6304A-CF8E-CE7B-2E60-0FA981DB8BA8}.Release|Any CPU.Build.0 = Release|Any CPU
	EndGlobalSection
	GlobalSection(SolutionProperties) = preSolution
		HideSolutionNode = FALSE
	EndGlobalSection
	GlobalSection(NestedProjects) = preSolution
		{B79A01A4-2436-4E50-A905-3BDE190E2096} = {9E17E052-0091-4B8C-BA9C-1DCF26F0D0F0}
		{7E0391C7-E4DC-4F33-A912-11FD18194D3F} = {8EAA7041-3FC7-4D29-B880-1394201E0AA3}
		{9CA3D5C0-5262-41C5-8B2D-F01E1FC11DB3} = {9E17E052-0091-4B8C-BA9C-1DCF26F0D0F0}
		{73AF9DB4-97BD-4576-9375-CB8786B62B32} = {9E17E052-0091-4B8C-BA9C-1DCF26F0D0F0}
		{46DF1FC6-E4E7-40D2-9AAA-FCA560707CF2} = {02EA681E-C7D8-13C7-8484-4AC65E1B71E8}
		{01602FE7-F5DC-4823-B482-DCD9DD8D2681} = {02EA681E-C7D8-13C7-8484-4AC65E1B71E8}
		{2491188C-4478-4CCB-88B3-B13F776326AF} = {02EA681E-C7D8-13C7-8484-4AC65E1B71E8}
		{D350AE71-F906-4206-A43B-F40D273BF355} = {02EA681E-C7D8-13C7-8484-4AC65E1B71E8}
		{301CC4A3-C47D-4A0A-8F45-E322D0327275} = {02EA681E-C7D8-13C7-8484-4AC65E1B71E8}
		{3CDA431D-2339-568B-6F36-28A019203B17} = {5C62E738-F3AD-41B7-AB88-37AF61F68090}
		{1C4E4539-DDC1-9478-0072-2B470B04576F} = {5C62E738-F3AD-41B7-AB88-37AF61F68090}
		{87137289-CD06-4AC1-9794-AB48912D95BA} = {5C62E738-F3AD-41B7-AB88-37AF61F68090}
		{6448036B-AE4E-DCC6-33D2-C8FAD1CB9731} = {5C62E738-F3AD-41B7-AB88-37AF61F68090}
		{068077F1-E7B2-DFEF-F1D7-3291B494DCBD} = {5C62E738-F3AD-41B7-AB88-37AF61F68090}
		{8BB6304A-CF8E-CE7B-2E60-0FA981DB8BA8} = {5C62E738-F3AD-41B7-AB88-37AF61F68090}
	EndGlobalSection
	GlobalSection(ExtensibilityGlobals) = postSolution
		SolutionGuid = {0C3977D6-0D6B-40FF-BF97-481316AA2FB9}
	EndGlobalSection
EndGlobal
